// !$*UTF8*$!
{
	archiveVersion = 1;
	classes = {
	};
	objectVersion = 60;
	objects = {

/* Begin PBXBuildFile section */
		0641AA762C3EEB8A00850BEA /* VacationInVegasApp.swift in Sources */ = {isa = PBXBuildFile; fileRef = 0641AA752C3EEB8A00850BEA /* VacationInVegasApp.swift */; };
		0641AA782C3EEB8A00850BEA /* ContentView.swift in Sources */ = {isa = PBXBuildFile; fileRef = 0641AA772C3EEB8A00850BEA /* ContentView.swift */; };
		0641AA7A2C3EEB8E00850BEA /* Assets.xcassets in Resources */ = {isa = PBXBuildFile; fileRef = 0641AA792C3EEB8E00850BEA /* Assets.xcassets */; };
		0641AA7D2C3EEB8E00850BEA /* Preview Assets.xcassets in Resources */ = {isa = PBXBuildFile; fileRef = 0641AA7C2C3EEB8E00850BEA /* Preview Assets.xcassets */; };
		0641AA842C3EEE7800850BEA /* Symbols.swift in Sources */ = {isa = PBXBuildFile; fileRef = 0641AA832C3EEE7800850BEA /* Symbols.swift */; };
		0641AA862C3EF93100850BEA /* ScrollImage.swift in Sources */ = {isa = PBXBuildFile; fileRef = 0641AA852C3EF93100850BEA /* ScrollImage.swift */; };
		0641AA882C3EFCB400850BEA /* Scrolling.swift in Sources */ = {isa = PBXBuildFile; fileRef = 0641AA872C3EFCB400850BEA /* Scrolling.swift */; };
		06E541522C4142A200F60043 /* Place.swift in Sources */ = {isa = PBXBuildFile; fileRef = 06E541512C4142A200F60043 /* Place.swift */; };
		06E541542C414B4400F60043 /* PlaceList.swift in Sources */ = {isa = PBXBuildFile; fileRef = 06E541532C414B4400F60043 /* PlaceList.swift */; };
/* End PBXBuildFile section */

/* Begin PBXFileReference section */
		0641AA722C3EEB8A00850BEA /* VacationInVegas.app */ = {isa = PBXFileReference; explicitFileType = wrapper.application; includeInIndex = 0; path = VacationInVegas.app; sourceTree = BUILT_PRODUCTS_DIR; };
		0641AA752C3EEB8A00850BEA /* VacationInVegasApp.swift */ = {isa = PBXFileReference; lastKnownFileType = sourcecode.swift; path = VacationInVegasApp.swift; sourceTree = "<group>"; };
		0641AA772C3EEB8A00850BEA /* ContentView.swift */ = {isa = PBXFileReference; lastKnownFileType = sourcecode.swift; path = ContentView.swift; sourceTree = "<group>"; };
		0641AA792C3EEB8E00850BEA /* Assets.xcassets */ = {isa = PBXFileReference; lastKnownFileType = folder.assetcatalog; path = Assets.xcassets; sourceTree = "<group>"; };
		0641AA7C2C3EEB8E00850BEA /* Preview Assets.xcassets */ = {isa = PBXFileReference; lastKnownFileType = folder.assetcatalog; path = "Preview Assets.xcassets"; sourceTree = "<group>"; };
		0641AA832C3EEE7800850BEA /* Symbols.swift */ = {isa = PBXFileReference; lastKnownFileType = sourcecode.swift; path = Symbols.swift; sourceTree = "<group>"; };
		0641AA852C3EF93100850BEA /* ScrollImage.swift */ = {isa = PBXFileReference; lastKnownFileType = sourcecode.swift; path = ScrollImage.swift; sourceTree = "<group>"; };
		0641AA872C3EFCB400850BEA /* Scrolling.swift */ = {isa = PBXFileReference; lastKnownFileType = sourcecode.swift; path = Scrolling.swift; sourceTree = "<group>"; };
		06E541512C4142A200F60043 /* Place.swift */ = {isa = PBXFileReference; lastKnownFileType = sourcecode.swift; path = Place.swift; sourceTree = "<group>"; };
		06E541532C414B4400F60043 /* PlaceList.swift */ = {isa = PBXFileReference; lastKnownFileType = sourcecode.swift; path = PlaceList.swift; sourceTree = "<group>"; };
/* End PBXFileReference section */

/* Begin PBXFrameworksBuildPhase section */
		0641AA6F2C3EEB8A00850BEA /* Frameworks */ = {
			isa = PBXFrameworksBuildPhase;
			buildActionMask = 2147483647;
			files = (
			);
			runOnlyForDeploymentPostprocessing = 0;
		};
/* End PBXFrameworksBuildPhase section */

/* Begin PBXGroup section */
		0641AA692C3EEB8A00850BEA = {
			isa = PBXGroup;
			children = (
				0641AA742C3EEB8A00850BEA /* VacationInVegas */,
				0641AA732C3EEB8A00850BEA /* Products */,
			);
			sourceTree = "<group>";
		};
		0641AA732C3EEB8A00850BEA /* Products */ = {
			isa = PBXGroup;
			children = (
				0641AA722C3EEB8A00850BEA /* VacationInVegas.app */,
			);
			name = Products;
			sourceTree = "<group>";
		};
		0641AA742C3EEB8A00850BEA /* VacationInVegas */ = {
			isa = PBXGroup;
			children = (
				0641AA752C3EEB8A00850BEA /* VacationInVegasApp.swift */,
				0641AA772C3EEB8A00850BEA /* ContentView.swift */,
				06E541532C414B4400F60043 /* PlaceList.swift */,
				0641AA832C3EEE7800850BEA /* Symbols.swift */,
				0641AA852C3EF93100850BEA /* ScrollImage.swift */,
				0641AA872C3EFCB400850BEA /* Scrolling.swift */,
				06E541512C4142A200F60043 /* Place.swift */,
				0641AA792C3EEB8E00850BEA /* Assets.xcassets */,
				0641AA7B2C3EEB8E00850BEA /* Preview Content */,
			);
			path = VacationInVegas;
			sourceTree = "<group>";
		};
		0641AA7B2C3EEB8E00850BEA /* Preview Content */ = {
			isa = PBXGroup;
			children = (
				0641AA7C2C3EEB8E00850BEA /* Preview Assets.xcassets */,
			);
			path = "Preview Content";
			sourceTree = "<group>";
		};
/* End PBXGroup section */

/* Begin PBXNativeTarget section */
		0641AA712C3EEB8A00850BEA /* VacationInVegas */ = {
			isa = PBXNativeTarget;
			buildConfigurationList = 0641AA802C3EEB8E00850BEA /* Build configuration list for PBXNativeTarget "VacationInVegas" */;
			buildPhases = (
				0641AA6E2C3EEB8A00850BEA /* Sources */,
				0641AA6F2C3EEB8A00850BEA /* Frameworks */,
				0641AA702C3EEB8A00850BEA /* Resources */,
			);
			buildRules = (
			);
			dependencies = (
			);
			name = VacationInVegas;
			productName = VacationInVegas;
			productReference = 0641AA722C3EEB8A00850BEA /* VacationInVegas.app */;
			productType = "com.apple.product-type.application";
		};
/* End PBXNativeTarget section */

/* Begin PBXProject section */
		0641AA6A2C3EEB8A00850BEA /* Project object */ = {
			isa = PBXProject;
			attributes = {
				BuildIndependentTargetsInParallel = 1;
				LastSwiftUpdateCheck = 1600;
				LastUpgradeCheck = 1600;
				TargetAttributes = {
					0641AA712C3EEB8A00850BEA = {
						CreatedOnToolsVersion = 16.0;
					};
				};
			};
			buildConfigurationList = 0641AA6D2C3EEB8A00850BEA /* Build configuration list for PBXProject "VacationInVegas" */;
			compatibilityVersion = "Xcode 15.0";
			developmentRegion = en;
			hasScannedForEncodings = 0;
			knownRegions = (
				en,
				Base,
			);
			mainGroup = 0641AA692C3EEB8A00850BEA;
			productRefGroup = 0641AA732C3EEB8A00850BEA /* Products */;
			projectDirPath = "";
			projectRoot = "";
			targets = (
				0641AA712C3EEB8A00850BEA /* VacationInVegas */,
			);
		};
/* End PBXProject section */

/* Begin PBXResourcesBuildPhase section */
		0641AA702C3EEB8A00850BEA /* Resources */ = {
			isa = PBXResourcesBuildPhase;
			buildActionMask = 2147483647;
			files = (
				0641AA7D2C3EEB8E00850BEA /* Preview Assets.xcassets in Resources */,
				0641AA7A2C3EEB8E00850BEA /* Assets.xcassets in Resources */,
			);
			runOnlyForDeploymentPostprocessing = 0;
		};
/* End PBXResourcesBuildPhase section */

/* Begin PBXSourcesBuildPhase section */
		0641AA6E2C3EEB8A00850BEA /* Sources */ = {
			isa = PBXSourcesBuildPhase;
			buildActionMask = 2147483647;
			files = (
				0641AA842C3EEE7800850BEA /* Symbols.swift in Sources */,
				0641AA862C3EF93100850BEA /* ScrollImage.swift in Sources */,
				06E541542C414B4400F60043 /* PlaceList.swift in Sources */,
				0641AA882C3EFCB400850BEA /* Scrolling.swift in Sources */,
				06E541522C4142A200F60043 /* Place.swift in Sources */,
				0641AA782C3EEB8A00850BEA /* ContentView.swift in Sources */,
				0641AA762C3EEB8A00850BEA /* VacationInVegasApp.swift in Sources */,
			);
			runOnlyForDeploymentPostprocessing = 0;
		};
/* End PBXSourcesBuildPhase section */

/* Begin XCBuildConfiguration section */
		0641AA7E2C3EEB8E00850BEA /* Debug */ = {
			isa = XCBuildConfiguration;
			buildSettings = {
				ALWAYS_SEARCH_USER_PATHS = NO;
				ASSETCATALOG_COMPILER_GENERATE_SWIFT_ASSET_SYMBOL_EXTENSIONS = YES;
				CLANG_ANALYZER_NONNULL = YES;
				CLANG_ANALYZER_NUMBER_OBJECT_CONVERSION = YES_AGGRESSIVE;
				CLANG_CXX_LANGUAGE_STANDARD = "gnu++20";
				CLANG_ENABLE_MODULES = YES;
				CLANG_ENABLE_OBJC_ARC = YES;
				CLANG_ENABLE_OBJC_WEAK = YES;
				CLANG_WARN_BLOCK_CAPTURE_AUTORELEASING = YES;
				CLANG_WARN_BOOL_CONVERSION = YES;
				CLANG_WARN_COMMA = YES;
				CLANG_WARN_CONSTANT_CONVERSION = YES;
				CLANG_WARN_DEPRECATED_OBJC_IMPLEMENTATIONS = YES;
				CLANG_WARN_DIRECT_OBJC_ISA_USAGE = YES_ERROR;
				CLANG_WARN_DOCUMENTATION_COMMENTS = YES;
				CLANG_WARN_EMPTY_BODY = YES;
				CLANG_WARN_ENUM_CONVERSION = YES;
				CLANG_WARN_INFINITE_RECURSION = YES;
				CLANG_WARN_INT_CONVERSION = YES;
				CLANG_WARN_NON_LITERAL_NULL_CONVERSION = YES;
				CLANG_WARN_OBJC_IMPLICIT_RETAIN_SELF = YES;
				CLANG_WARN_OBJC_LITERAL_CONVERSION = YES;
				CLANG_WARN_OBJC_ROOT_CLASS = YES_ERROR;
				CLANG_WARN_QUOTED_INCLUDE_IN_FRAMEWORK_HEADER = YES;
				CLANG_WARN_RANGE_LOOP_ANALYSIS = YES;
				CLANG_WARN_STRICT_PROTOTYPES = YES;
				CLANG_WARN_SUSPICIOUS_MOVE = YES;
				CLANG_WARN_UNGUARDED_AVAILABILITY = YES_AGGRESSIVE;
				CLANG_WARN_UNREACHABLE_CODE = YES;
				CLANG_WARN__DUPLICATE_METHOD_MATCH = YES;
				COPY_PHASE_STRIP = NO;
				DEBUG_INFORMATION_FORMAT = dwarf;
				ENABLE_STRICT_OBJC_MSGSEND = YES;
				ENABLE_TESTABILITY = YES;
				ENABLE_USER_SCRIPT_SANDBOXING = YES;
				GCC_C_LANGUAGE_STANDARD = gnu17;
				GCC_DYNAMIC_NO_PIC = NO;
				GCC_NO_COMMON_BLOCKS = YES;
				GCC_OPTIMIZATION_LEVEL = 0;
				GCC_PREPROCESSOR_DEFINITIONS = (
					"DEBUG=1",
					"$(inherited)",
				);
				GCC_WARN_64_TO_32_BIT_CONVERSION = YES;
				GCC_WARN_ABOUT_RETURN_TYPE = YES_ERROR;
				GCC_WARN_UNDECLARED_SELECTOR = YES;
				GCC_WARN_UNINITIALIZED_AUTOS = YES_AGGRESSIVE;
				GCC_WARN_UNUSED_FUNCTION = YES;
				GCC_WARN_UNUSED_VARIABLE = YES;
				IPHONEOS_DEPLOYMENT_TARGET = 18.0;
				LOCALIZATION_PREFERS_STRING_CATALOGS = YES;
				MTL_ENABLE_DEBUG_INFO = INCLUDE_SOURCE;
				MTL_FAST_MATH = YES;
				ONLY_ACTIVE_ARCH = YES;
				SDKROOT = iphoneos;
				SWIFT_ACTIVE_COMPILATION_CONDITIONS = "DEBUG $(inherited)";
				SWIFT_OPTIMIZATION_LEVEL = "-Onone";
			};
			name = Debug;
		};
		0641AA7F2C3EEB8E00850BEA /* Release */ = {
			isa = XCBuildConfiguration;
			buildSettings = {
				ALWAYS_SEARCH_USER_PATHS = NO;
				ASSETCATALOG_COMPILER_GENERATE_SWIFT_ASSET_SYMBOL_EXTENSIONS = YES;
				CLANG_ANALYZER_NONNULL = YES;
				CLANG_ANALYZER_NUMBER_OBJECT_CONVERSION = YES_AGGRESSIVE;
				CLANG_CXX_LANGUAGE_STANDARD = "gnu++20";
				CLANG_ENABLE_MODULES = YES;
				CLANG_ENABLE_OBJC_ARC = YES;
				CLANG_ENABLE_OBJC_WEAK = YES;
				CLANG_WARN_BLOCK_CAPTURE_AUTORELEASING = YES;
				CLANG_WARN_BOOL_CONVERSION = YES;
				CLANG_WARN_COMMA = YES;
				CLANG_WARN_CONSTANT_CONVERSION = YES;
				CLANG_WARN_DEPRECATED_OBJC_IMPLEMENTATIONS = YES;
				CLANG_WARN_DIRECT_OBJC_ISA_USAGE = YES_ERROR;
				CLANG_WARN_DOCUMENTATION_COMMENTS = YES;
				CLANG_WARN_EMPTY_BODY = YES;
				CLANG_WARN_ENUM_CONVERSION = YES;
				CLANG_WARN_INFINITE_RECURSION = YES;
				CLANG_WARN_INT_CONVERSION = YES;
				CLANG_WARN_NON_LITERAL_NULL_CONVERSION = YES;
				CLANG_WARN_OBJC_IMPLICIT_RETAIN_SELF = YES;
				CLANG_WARN_OBJC_LITERAL_CONVERSION = YES;
				CLANG_WARN_OBJC_ROOT_CLASS = YES_ERROR;
				CLANG_WARN_QUOTED_INCLUDE_IN_FRAMEWORK_HEADER = YES;
				CLANG_WARN_RANGE_LOOP_ANALYSIS = YES;
				CLANG_WARN_STRICT_PROTOTYPES = YES;
				CLANG_WARN_SUSPICIOUS_MOVE = YES;
				CLANG_WARN_UNGUARDED_AVAILABILITY = YES_AGGRESSIVE;
				CLANG_WARN_UNREACHABLE_CODE = YES;
				CLANG_WARN__DUPLICATE_METHOD_MATCH = YES;
				COPY_PHASE_STRIP = NO;
				DEBUG_INFORMATION_FORMAT = "dwarf-with-dsym";
				ENABLE_NS_ASSERTIONS = NO;
				ENABLE_STRICT_OBJC_MSGSEND = YES;
				ENABLE_USER_SCRIPT_SANDBOXING = YES;
				GCC_C_LANGUAGE_STANDARD = gnu17;
				GCC_NO_COMMON_BLOCKS = YES;
				GCC_WARN_64_TO_32_BIT_CONVERSION = YES;
				GCC_WARN_ABOUT_RETURN_TYPE = YES_ERROR;
				GCC_WARN_UNDECLARED_SELECTOR = YES;
				GCC_WARN_UNINITIALIZED_AUTOS = YES_AGGRESSIVE;
				GCC_WARN_UNUSED_FUNCTION = YES;
				GCC_WARN_UNUSED_VARIABLE = YES;
				IPHONEOS_DEPLOYMENT_TARGET = 18.0;
				LOCALIZATION_PREFERS_STRING_CATALOGS = YES;
				MTL_ENABLE_DEBUG_INFO = NO;
				MTL_FAST_MATH = YES;
				SDKROOT = iphoneos;
				SWIFT_COMPILATION_MODE = wholemodule;
				VALIDATE_PRODUCT = YES;
			};
			name = Release;
		};
		0641AA812C3EEB8E00850BEA /* Debug */ = {
			isa = XCBuildConfiguration;
			buildSettings = {
				ASSETCATALOG_COMPILER_APPICON_NAME = AppIcon;
				ASSETCATALOG_COMPILER_GLOBAL_ACCENT_COLOR_NAME = AccentColor;
				CODE_SIGN_STYLE = Automatic;
				CURRENT_PROJECT_VERSION = 1;
				DEVELOPMENT_ASSET_PATHS = "\"VacationInVegas/Preview Content\"";
				DEVELOPMENT_TEAM = G6QF2KUBAH;
				ENABLE_PREVIEWS = YES;
				GENERATE_INFOPLIST_FILE = YES;
				INFOPLIST_KEY_UIApplicationSceneManifest_Generation = YES;
				INFOPLIST_KEY_UIApplicationSupportsIndirectInputEvents = YES;
				INFOPLIST_KEY_UILaunchScreen_Generation = YES;
				INFOPLIST_KEY_UISupportedInterfaceOrientations_iPad = "UIInterfaceOrientationPortrait UIInterfaceOrientationPortraitUpsideDown UIInterfaceOrientationLandscapeLeft UIInterfaceOrientationLandscapeRight";
				INFOPLIST_KEY_UISupportedInterfaceOrientations_iPhone = "UIInterfaceOrientationPortrait UIInterfaceOrientationLandscapeLeft UIInterfaceOrientationLandscapeRight";
				LD_RUNPATH_SEARCH_PATHS = (
					"$(inherited)",
					"@executable_path/Frameworks",
				);
				MARKETING_VERSION = 1.0;
				PRODUCT_BUNDLE_IDENTIFIER = com.innominds.VacationInVegas;
				PRODUCT_NAME = "$(TARGET_NAME)";
				SWIFT_EMIT_LOC_STRINGS = YES;
				SWIFT_VERSION = 5.0;
				TARGETED_DEVICE_FAMILY = "1,2";
			};
			name = Debug;
		};
		0641AA822C3EEB8E00850BEA /* Release */ = {
			isa = XCBuildConfiguration;
			buildSettings = {
				ASSETCATALOG_COMPILER_APPICON_NAME = AppIcon;
				ASSETCATALOG_COMPILER_GLOBAL_ACCENT_COLOR_NAME = AccentColor;
				CODE_SIGN_STYLE = Automatic;
				CURRENT_PROJECT_VERSION = 1;
				DEVELOPMENT_ASSET_PATHS = "\"VacationInVegas/Preview Content\"";
				DEVELOPMENT_TEAM = G6QF2KUBAH;
				ENABLE_PREVIEWS = YES;
				GENERATE_INFOPLIST_FILE = YES;
				INFOPLIST_KEY_UIApplicationSceneManifest_Generation = YES;
				INFOPLIST_KEY_UIApplicationSupportsIndirectInputEvents = YES;
				INFOPLIST_KEY_UILaunchScreen_Generation = YES;
				INFOPLIST_KEY_UISupportedInterfaceOrientations_iPad = "UIInterfaceOrientationPortrait UIInterfaceOrientationPortraitUpsideDown UIInterfaceOrientationLandscapeLeft UIInterfaceOrientationLandscapeRight";
				INFOPLIST_KEY_UISupportedInterfaceOrientations_iPhone = "UIInterfaceOrientationPortrait UIInterfaceOrientationLandscapeLeft UIInterfaceOrientationLandscapeRight";
				LD_RUNPATH_SEARCH_PATHS = (
					"$(inherited)",
					"@executable_path/Frameworks",
				);
				MARKETING_VERSION = 1.0;
				PRODUCT_BUNDLE_IDENTIFIER = com.innominds.VacationInVegas;
				PRODUCT_NAME = "$(TARGET_NAME)";
				SWIFT_EMIT_LOC_STRINGS = YES;
				SWIFT_VERSION = 5.0;
				TARGETED_DEVICE_FAMILY = "1,2";
			};
			name = Release;
		};
/* End XCBuildConfiguration section */

/* Begin XCConfigurationList section */
		0641AA6D2C3EEB8A00850BEA /* Build configuration list for PBXProject "VacationInVegas" */ = {
			isa = XCConfigurationList;
			buildConfigurations = (
				0641AA7E2C3EEB8E00850BEA /* Debug */,
				0641AA7F2C3EEB8E00850BEA /* Release */,
			);
			defaultConfigurationIsVisible = 0;
			defaultConfigurationName = Release;
		};
		0641AA802C3EEB8E00850BEA /* Build configuration list for PBXNativeTarget "VacationInVegas" */ = {
			isa = XCConfigurationList;
			buildConfigurations = (
				0641AA812C3EEB8E00850BEA /* Debug */,
				0641AA822C3EEB8E00850BEA /* Release */,
			);
			defaultConfigurationIsVisible = 0;
			defaultConfigurationName = Release;
		};
/* End XCConfigurationList section */
	};
	rootObject = 0641AA6A2C3EEB8A00850BEA /* Project object */;
}
